
Microsoft Visual Studio Solution File, Format Version 12.00
# Visual Studio Version 17
VisualStudioVersion = 17.11.35327.3
MinimumVisualStudioVersion = 10.0.40219.1
Project("{9A19103F-16F7-4668-BE54-9A1E7A4F7556}") = "ItemService_UseCases", "ItemService_UseCases.csproj", "{D33355CE-9910-4DFA-98CE-D97F60D6B20A}"
EndProject
Global
	GlobalSection(SolutionConfigurationPlatforms) = preSolution
		Debug|Any CPU = Debug|Any CPU
		Release|Any CPU = Release|Any CPU
	EndGlobalSection
	GlobalSection(ProjectConfigurationPlatforms) = postSolution
		{D33355CE-9910-4DFA-98CE-D97F60D6B20A}.Debug|Any CPU.ActiveCfg = Debug|Any CPU
		{D33355CE-9910-4DFA-98CE-D97F60D6B20A}.Debug|Any CPU.Build.0 = Debug|Any CPU
		{D33355CE-9910-4DFA-98CE-D97F60D6B20A}.Release|Any CPU.ActiveCfg = Release|Any CPU
		{D33355CE-9910-4DFA-98CE-D97F60D6B20A}.Release|Any CPU.Build.0 = Release|Any CPU
	EndGlobalSection
	GlobalSection(SolutionProperties) = preSolution
		HideSolutionNode = FALSE
	EndGlobalSection
	GlobalSection(ExtensibilityGlobals) = postSolution
		SolutionGuid = {57AE4F10-0CA0-4F33-B95C-5CC113DD1E29}
	EndGlobalSection
EndGlobal
